
Microsoft Visual Studio Solution File, Format Version 12.00
# Visual Studio Version 16
VisualStudioVersion = 16.0.29509.3
MinimumVisualStudioVersion = 10.0.40219.1
Project("{9A19103F-16F7-4668-BE54-9A1E7A4F7556}") = "JsonSchemaLab_mvvm", "JsonSchemaLab_mvvm.csproj", "{B783F9D9-6CFF-421B-BA1D-E0807C8B3E20}"
EndProject
Project("{9A19103F-16F7-4668-BE54-9A1E7A4F7556}") = "AvaloniaEdit", "..\..\..\Avalonia\AvaloniaEdit\src\AvaloniaEdit\AvaloniaEdit.csproj", "{8363714A-0D39-42B4-85FF-F2EC7C2B4520}"
EndProject
Global
	GlobalSection(SolutionConfigurationPlatforms) = preSolution
		Debug|Any CPU = Debug|Any CPU
		Release|Any CPU = Release|Any CPU
	EndGlobalSection
	GlobalSection(ProjectConfigurationPlatforms) = postSolution
		{B783F9D9-6CFF-421B-BA1D-E0807C8B3E20}.Debug|Any CPU.ActiveCfg = Debug|Any CPU
		{B783F9D9-6CFF-421B-BA1D-E0807C8B3E20}.Debug|Any CPU.Build.0 = Debug|Any CPU
		{B783F9D9-6CFF-421B-BA1D-E0807C8B3E20}.Release|Any CPU.ActiveCfg = Release|Any CPU
		{B783F9D9-6CFF-421B-BA1D-E0807C8B3E20}.Release|Any CPU.Build.0 = Release|Any CPU
		{8363714A-0D39-42B4-85FF-F2EC7C2B4520}.Debug|Any CPU.ActiveCfg = Debug|Any CPU
		{8363714A-0D39-42B4-85FF-F2EC7C2B4520}.Debug|Any CPU.Build.0 = Debug|Any CPU
		{8363714A-0D39-42B4-85FF-F2EC7C2B4520}.Release|Any CPU.ActiveCfg = Release|Any CPU
		{8363714A-0D39-42B4-85FF-F2EC7C2B4520}.Release|Any CPU.Build.0 = Release|Any CPU
	EndGlobalSection
	GlobalSection(SolutionProperties) = preSolution
		HideSolutionNode = FALSE
	EndGlobalSection
	GlobalSection(ExtensibilityGlobals) = postSolution
		SolutionGuid = {4771EF4E-D62B-4E0E-AABB-AE1701B2F946}
	EndGlobalSection
EndGlobal
